
Microsoft Visual Studio Solution File, Format Version 12.00
# Visual Studio Version 17
VisualStudioVersion = 17.9.34622.214
MinimumVisualStudioVersion = 10.0.40219.1
Project("{FAE04EC0-301F-11D3-BF4B-00C04F79EFBC}") = "MathQuiz", "MathQuiz.csproj", "{31F0FD5A-6A6A-4501-909B-10E7ECE1338C}"
EndProject
Global
	GlobalSection(SolutionConfigurationPlatforms) = preSolution
		Debug|Any CPU = Debug|Any CPU
		Release|Any CPU = Release|Any CPU
	EndGlobalSection
	GlobalSection(ProjectConfigurationPlatforms) = postSolution
		{31F0FD5A-6A6A-4501-909B-10E7ECE1338C}.Debug|Any CPU.ActiveCfg = Debug|Any CPU
		{31F0FD5A-6A6A-4501-909B-10E7ECE1338C}.Debug|Any CPU.Build.0 = Debug|Any CPU
		{31F0FD5A-6A6A-4501-909B-10E7ECE1338C}.Release|Any CPU.ActiveCfg = Release|Any CPU
		{31F0FD5A-6A6A-4501-909B-10E7ECE1338C}.Release|Any CPU.Build.0 = Release|Any CPU
	EndGlobalSection
	GlobalSection(SolutionProperties) = preSolution
		HideSolutionNode = FALSE
	EndGlobalSection
	GlobalSection(ExtensibilityGlobals) = postSolution
		SolutionGuid = {2A4103F8-9619-444E-B8EE-C20D3D825B34}
	EndGlobalSection
EndGlobal
