
Microsoft Visual Studio Solution File, Format Version 12.00
# Visual Studio Version 17
VisualStudioVersion = 17.10.34916.146
MinimumVisualStudioVersion = 10.0.40219.1
Project("{FAE04EC0-301F-11D3-BF4B-00C04F79EFBC}") = "MathGameDesktopUI", "MathGameDesktopUI\MathGameDesktopUI.csproj", "{CBDEE4AC-69F8-4BED-AA0D-8F9C90FB8F19}"
EndProject
Global
	GlobalSection(SolutionConfigurationPlatforms) = preSolution
		Debug|Any CPU = Debug|Any CPU
		Release|Any CPU = Release|Any CPU
	EndGlobalSection
	GlobalSection(ProjectConfigurationPlatforms) = postSolution
		{CBDEE4AC-69F8-4BED-AA0D-8F9C90FB8F19}.Debug|Any CPU.ActiveCfg = Debug|Any CPU
		{CBDEE4AC-69F8-4BED-AA0D-8F9C90FB8F19}.Debug|Any CPU.Build.0 = Debug|Any CPU
		{CBDEE4AC-69F8-4BED-AA0D-8F9C90FB8F19}.Release|Any CPU.ActiveCfg = Release|Any CPU
		{CBDEE4AC-69F8-4BED-AA0D-8F9C90FB8F19}.Release|Any CPU.Build.0 = Release|Any CPU
	EndGlobalSection
	GlobalSection(SolutionProperties) = preSolution
		HideSolutionNode = FALSE
	EndGlobalSection
	GlobalSection(ExtensibilityGlobals) = postSolution
		SolutionGuid = {8150AE07-76BE-401B-850B-13C83C8BE41D}
	EndGlobalSection
EndGlobal
